<?xml version="1.0" encoding="UTF-8" standalone="yes" ?>
<CodeBlocks_project_file>
	<FileVersion major="1" minor="6" />
	<Project>
		<Option title="FlappyShiba" />
		<Option pch_mode="2" />
		<Option compiler="gcc" />
		<Build>
			<Target title="Debug">
				<Option output="bin/Debug/FlappyShiba" prefix_auto="1" extension_auto="1" />
				<Option working_dir="E:/CodeBlock/FlappySHIBA/bin/Debug/" />
				<Option object_output="obj/Debug/" />
				<Option type="1" />
				<Option compiler="gcc" />
				<Compiler>
					<Add option="-g" />
					<Add directory="C:/Users/Admin/Downloads/SDL2-devel-2.32.0-mingw/SDL2-2.32.0/x86_64-w64-mingw32/include/SDL2" />
					<Add directory="C:/Users/Admin/Downloads/SDL2_image-devel-2.8.5-mingw/SDL2_image-2.8.5/x86_64-w64-mingw32/include/SDL2" />
					<Add directory="C:/Users/Admin/Downloads/SDL2_mixer-devel-2.8.1-mingw/SDL2_mixer-2.8.1/x86_64-w64-mingw32/include/SDL2" />
				</Compiler>
				<Linker>
					<Add directory="C:/Users/Admin/Downloads/SDL2-devel-2.32.0-mingw/SDL2-2.32.0/x86_64-w64-mingw32/lib" />
					<Add directory="C:/Users/Admin/Downloads/SDL2_image-devel-2.8.5-mingw/SDL2_image-2.8.5/x86_64-w64-mingw32/lib" />
					<Add directory="C:/Users/Admin/Downloads/SDL2_mixer-devel-2.8.1-mingw/SDL2_mixer-2.8.1/x86_64-w64-mingw32/lib" />
				</Linker>
			</Target>
			<Target title="Release">
				<Option output="bin/Release/FlappyShiba" prefix_auto="1" extension_auto="1" />
				<Option object_output="obj/Release/" />
				<Option type="1" />
				<Option compiler="gcc" />
				<Compiler>
					<Add option="-O2" />
				</Compiler>
				<Linker>
					<Add option="-s" />
				</Linker>
			</Target>
		</Build>
		<Compiler>
			<Add option="-Wall" />
			<Add option="-fexceptions" />
		</Compiler>
		<Unit filename="AudioManager.cpp" />
		<Unit filename="AudioManager.h" />
		<Unit filename="Bird.cpp" />
		<Unit filename="Bird.h" />
		<Unit filename="Bomb.cpp" />
		<Unit filename="Bomb.h" />
		<Unit filename="Constants.h" />
		<Unit filename="Game.cpp" />
		<Unit filename="Game.h" />
		<Unit filename="Pipe.cpp" />
		<Unit filename="Pipe.h" />
		<Unit filename="Screen.cpp" />
		<Unit filename="Screen.h" />
		<Unit filename="main.cpp" />
		<Extensions>
			<lib_finder disable_auto="1" />
		</Extensions>
	</Project>
</CodeBlocks_project_file>
